
Microsoft Visual Studio Solution File, Format Version 12.00
# Visual Studio Version 17
VisualStudioVersion = 17.3.32819.101
MinimumVisualStudioVersion = 10.0.40219.1
Project("{FAE04EC0-301F-11D3-BF4B-00C04F79EFBC}") = "Project3App", "Project3App\Project3App.csproj", "{D3C01250-BDC3-4663-A358-5B0B98395BAF}"
EndProject
Global
	GlobalSection(SolutionConfigurationPlatforms) = preSolution
		Debug|Any CPU = Debug|Any CPU
		Release|Any CPU = Release|Any CPU
	EndGlobalSection
	GlobalSection(ProjectConfigurationPlatforms) = postSolution
		{D3C01250-BDC3-4663-A358-5B0B98395BAF}.Debug|Any CPU.ActiveCfg = Debug|Any CPU
		{D3C01250-BDC3-4663-A358-5B0B98395BAF}.Debug|Any CPU.Build.0 = Debug|Any CPU
		{D3C01250-BDC3-4663-A358-5B0B98395BAF}.Release|Any CPU.ActiveCfg = Release|Any CPU
		{D3C01250-BDC3-4663-A358-5B0B98395BAF}.Release|Any CPU.Build.0 = Release|Any CPU
	EndGlobalSection
	GlobalSection(SolutionProperties) = preSolution
		HideSolutionNode = FALSE
	EndGlobalSection
	GlobalSection(ExtensibilityGlobals) = postSolution
		SolutionGuid = {3515C845-C5B1-4497-99A1-52E0EC71B950}
	EndGlobalSection
EndGlobal
